// !$*UTF8*$!
{
	archiveVersion = 1;
	classes = {
	};
	objectVersion = 55;
	objects = {

/* Begin PBXBuildFile section */
		842B2716179E6AC1C506F91A /* Pods_HoleyValley2.framework in Frameworks */ = {isa = PBXBuildFile; fileRef = 1B661294B867C36531446097 /* Pods_HoleyValley2.framework */; };
		8E0192B12822F2CF0057C3D8 /* DecorationType.swift in Sources */ = {isa = PBXBuildFile; fileRef = 8E0192B02822F2CF0057C3D8 /* DecorationType.swift */; };
		8E0845152871E8DC00350DED /* SelectedMasterViewController.swift in Sources */ = {isa = PBXBuildFile; fileRef = 8E0845132871E8DC00350DED /* SelectedMasterViewController.swift */; };
		8E0845162871E8DC00350DED /* SelectedMasterViewController.xib in Resources */ = {isa = PBXBuildFile; fileRef = 8E0845142871E8DC00350DED /* SelectedMasterViewController.xib */; };
		8E13A0B5283D67E2002D35EB /* AppointmentViewController.swift in Sources */ = {isa = PBXBuildFile; fileRef = 8E13A0B3283D67E2002D35EB /* AppointmentViewController.swift */; };
		8E13A0B6283D67E2002D35EB /* AppointmentViewController.xib in Resources */ = {isa = PBXBuildFile; fileRef = 8E13A0B4283D67E2002D35EB /* AppointmentViewController.xib */; };
		8E13BD47283B921B0039D1F9 /* ServiceCell.swift in Sources */ = {isa = PBXBuildFile; fileRef = 8E13BD45283B921B0039D1F9 /* ServiceCell.swift */; };
		8E13BD48283B921C0039D1F9 /* ServiceCell.xib in Resources */ = {isa = PBXBuildFile; fileRef = 8E13BD46283B921B0039D1F9 /* ServiceCell.xib */; };
		8E13BD4C283B92D00039D1F9 /* SingleServiceViewController.swift in Sources */ = {isa = PBXBuildFile; fileRef = 8E13BD4A283B92D00039D1F9 /* SingleServiceViewController.swift */; };
		8E13BD4D283B92D00039D1F9 /* SingleServiceViewController.xib in Resources */ = {isa = PBXBuildFile; fileRef = 8E13BD4B283B92D00039D1F9 /* SingleServiceViewController.xib */; };
		8E13BD4F283BA0690039D1F9 /* UIButton.swift in Sources */ = {isa = PBXBuildFile; fileRef = 8E13BD4E283BA0690039D1F9 /* UIButton.swift */; };
		8E19E52528456454007FABB0 /* Appointment.swift in Sources */ = {isa = PBXBuildFile; fileRef = 8E19E52428456454007FABB0 /* Appointment.swift */; };
		8E288EC328481F2C00A7F98B /* LabelCopyabel.swift in Sources */ = {isa = PBXBuildFile; fileRef = 8E288EC228481F2C00A7F98B /* LabelCopyabel.swift */; };
		8E516316283CCE06004CAFD3 /* SplashViewController.swift in Sources */ = {isa = PBXBuildFile; fileRef = 8E516314283CCE06004CAFD3 /* SplashViewController.swift */; };
		8E516317283CCE06004CAFD3 /* SplashViewController.xib in Resources */ = {isa = PBXBuildFile; fileRef = 8E516315283CCE06004CAFD3 /* SplashViewController.xib */; };
		8E51631B283CFD72004CAFD3 /* UIView.swift in Sources */ = {isa = PBXBuildFile; fileRef = 8E51631A283CFD72004CAFD3 /* UIView.swift */; };
		8E5671442823080400B0395E /* Assets.xcassets in Resources */ = {isa = PBXBuildFile; fileRef = 8E5671432823080400B0395E /* Assets.xcassets */; };
		8E59ACEB284A3ED50080039A /* SortingPoints.swift in Sources */ = {isa = PBXBuildFile; fileRef = 8E59ACEA284A3ED50080039A /* SortingPoints.swift */; };
		8E5AA6FD2856056D00CE70B7 /* SettingsViewController.swift in Sources */ = {isa = PBXBuildFile; fileRef = 8E5AA6FB2856056D00CE70B7 /* SettingsViewController.swift */; };
		8E5AA6FE2856056D00CE70B7 /* SettingsViewController.xib in Resources */ = {isa = PBXBuildFile; fileRef = 8E5AA6FC2856056D00CE70B7 /* SettingsViewController.xib */; };
		8E5AA70228564C0C00CE70B7 /* SettingsCell.swift in Sources */ = {isa = PBXBuildFile; fileRef = 8E5AA70028564C0C00CE70B7 /* SettingsCell.swift */; };
		8E5AA70328564C0C00CE70B7 /* SettingsCell.xib in Resources */ = {isa = PBXBuildFile; fileRef = 8E5AA70128564C0C00CE70B7 /* SettingsCell.xib */; };
		8E5AA7052856527800CE70B7 /* SettingsPoints.swift in Sources */ = {isa = PBXBuildFile; fileRef = 8E5AA7042856527800CE70B7 /* SettingsPoints.swift */; };
		8E609B8B28399FFF001D242E /* ImageScrollView.swift in Sources */ = {isa = PBXBuildFile; fileRef = 8E609B8A28399FFF001D242E /* ImageScrollView.swift */; };
		8E75D61F285517B100ACBAF8 /* AppointmentCell.swift in Sources */ = {isa = PBXBuildFile; fileRef = 8E75D61D285517B100ACBAF8 /* AppointmentCell.swift */; };
		8E75D620285517B100ACBAF8 /* AppointmentCell.xib in Resources */ = {isa = PBXBuildFile; fileRef = 8E75D61E285517B100ACBAF8 /* AppointmentCell.xib */; };
		8E7C439628326834001C0A2A /* GoogleService-Info.plist in Resources */ = {isa = PBXBuildFile; fileRef = 8E7C439528326834001C0A2A /* GoogleService-Info.plist */; };
		8E977782285E79A1009B4817 /* TextField.swift in Sources */ = {isa = PBXBuildFile; fileRef = 8E977781285E79A1009B4817 /* TextField.swift */; };
		8E9D512B284D01260019F8A0 /* SortingViewController.swift in Sources */ = {isa = PBXBuildFile; fileRef = 8E9D5129284D01260019F8A0 /* SortingViewController.swift */; };
		8E9D512C284D01260019F8A0 /* SortingViewController.xib in Resources */ = {isa = PBXBuildFile; fileRef = 8E9D512A284D01260019F8A0 /* SortingViewController.xib */; };
		8E9D5130284D0CBA0019F8A0 /* SortingCell.swift in Sources */ = {isa = PBXBuildFile; fileRef = 8E9D512E284D0CBA0019F8A0 /* SortingCell.swift */; };
		8E9D5131284D0CBA0019F8A0 /* SortingCell.xib in Resources */ = {isa = PBXBuildFile; fileRef = 8E9D512F284D0CBA0019F8A0 /* SortingCell.xib */; };
		8E9D8F532835A34B009FDF12 /* Const.swift in Sources */ = {isa = PBXBuildFile; fileRef = 8E9D8F522835A34B009FDF12 /* Const.swift */; };
		8E9D8F572835A774009FDF12 /* DecorationViewController.swift in Sources */ = {isa = PBXBuildFile; fileRef = 8E9D8F552835A774009FDF12 /* DecorationViewController.swift */; };
		8E9D8F582835A774009FDF12 /* DecorationViewController.xib in Resources */ = {isa = PBXBuildFile; fileRef = 8E9D8F562835A774009FDF12 /* DecorationViewController.xib */; };
		8EA9AB3F28219663005E0C2A /* AppDelegate.swift in Sources */ = {isa = PBXBuildFile; fileRef = 8EA9AB3E28219663005E0C2A /* AppDelegate.swift */; };
		8EA9AB4128219663005E0C2A /* SceneDelegate.swift in Sources */ = {isa = PBXBuildFile; fileRef = 8EA9AB4028219663005E0C2A /* SceneDelegate.swift */; };
		8EA9AB4628219663005E0C2A /* Main.storyboard in Resources */ = {isa = PBXBuildFile; fileRef = 8EA9AB4428219663005E0C2A /* Main.storyboard */; };
		8EA9AB4B28219666005E0C2A /* LaunchScreen.storyboard in Resources */ = {isa = PBXBuildFile; fileRef = 8EA9AB4928219666005E0C2A /* LaunchScreen.storyboard */; };
		8EA9AB542821967D005E0C2A /* RealmManager.swift in Sources */ = {isa = PBXBuildFile; fileRef = 8EA9AB532821967D005E0C2A /* RealmManager.swift */; };
		8EAB66EA2837A5CA00D976B6 /* ImageViewController.swift in Sources */ = {isa = PBXBuildFile; fileRef = 8EAB66E82837A5CA00D976B6 /* ImageViewController.swift */; };
		8EAB66EB2837A5CA00D976B6 /* ImageViewController.xib in Resources */ = {isa = PBXBuildFile; fileRef = 8EAB66E92837A5CA00D976B6 /* ImageViewController.xib */; };
		8EAB9147284EB8F9003BB9AA /* InputField.xib in Resources */ = {isa = PBXBuildFile; fileRef = 8EAB9146284EB8F9003BB9AA /* InputField.xib */; };
		8EAB9149284EB91D003BB9AA /* InputField.swift in Sources */ = {isa = PBXBuildFile; fileRef = 8EAB9148284EB91D003BB9AA /* InputField.swift */; };
		8EAB914B284EB9F6003BB9AA /* ValidationType.swift in Sources */ = {isa = PBXBuildFile; fileRef = 8EAB914A284EB9F6003BB9AA /* ValidationType.swift */; };
		8EBBF8022857351000FE8655 /* NotificationsSettingsViewController.swift in Sources */ = {isa = PBXBuildFile; fileRef = 8EBBF8002857351000FE8655 /* NotificationsSettingsViewController.swift */; };
		8EBBF8032857351000FE8655 /* NotificationsSettingsViewController.xib in Resources */ = {isa = PBXBuildFile; fileRef = 8EBBF8012857351000FE8655 /* NotificationsSettingsViewController.xib */; };
		8EBBF8052857C86A00FE8655 /* NotificationManager.swift in Sources */ = {isa = PBXBuildFile; fileRef = 8EBBF8042857C86A00FE8655 /* NotificationManager.swift */; };
		8EC2EB52285F30E7008FA683 /* FavoriteView.xib in Resources */ = {isa = PBXBuildFile; fileRef = 8EC2EB51285F30E7008FA683 /* FavoriteView.xib */; };
		8EC2EB54285F30FF008FA683 /* FavoriteView.swift in Sources */ = {isa = PBXBuildFile; fileRef = 8EC2EB53285F30FF008FA683 /* FavoriteView.swift */; };
		8EC2EB56285F3134008FA683 /* FavoriteViewDelegate.swift in Sources */ = {isa = PBXBuildFile; fileRef = 8EC2EB55285F3134008FA683 /* FavoriteViewDelegate.swift */; };
		8EC807FD2838FDF4008E176D /* FirebaseManager.swift in Sources */ = {isa = PBXBuildFile; fileRef = 8EC807FC2838FDF4008E176D /* FirebaseManager.swift */; };
		8EC8080628396A48008E176D /* Service.swift in Sources */ = {isa = PBXBuildFile; fileRef = 8EC8080528396A48008E176D /* Service.swift */; };
		8ECF9CD728327B7B0058899B /* UIImageView.swift in Sources */ = {isa = PBXBuildFile; fileRef = 8ECF9CD628327B7B0058899B /* UIImageView.swift */; };
		8EE42F1E2821987B00D7210D /* Decoration.swift in Sources */ = {isa = PBXBuildFile; fileRef = 8EE42F1D2821987B00D7210D /* Decoration.swift */; };
		8EE42F2328219BA500D7210D /* ServicesViewController.swift in Sources */ = {isa = PBXBuildFile; fileRef = 8EE42F2128219BA500D7210D /* ServicesViewController.swift */; };
		8EE42F2428219BA500D7210D /* ServicesViewController.xib in Resources */ = {isa = PBXBuildFile; fileRef = 8EE42F2228219BA500D7210D /* ServicesViewController.xib */; };
		8EE42F2828219BC900D7210D /* CatalogViewController.swift in Sources */ = {isa = PBXBuildFile; fileRef = 8EE42F2628219BC900D7210D /* CatalogViewController.swift */; };
		8EE42F2928219BC900D7210D /* CatalogViewController.xib in Resources */ = {isa = PBXBuildFile; fileRef = 8EE42F2728219BC900D7210D /* CatalogViewController.xib */; };
		8EE42F2D28219C2E00D7210D /* ReceptionViewController.swift in Sources */ = {isa = PBXBuildFile; fileRef = 8EE42F2B28219C2E00D7210D /* ReceptionViewController.swift */; };
		8EE42F2E28219C2E00D7210D /* ReceptionViewController.xib in Resources */ = {isa = PBXBuildFile; fileRef = 8EE42F2C28219C2E00D7210D /* ReceptionViewController.xib */; };
		8EE42F3228219C5400D7210D /* ProfileViewController.swift in Sources */ = {isa = PBXBuildFile; fileRef = 8EE42F3028219C5400D7210D /* ProfileViewController.swift */; };
		8EE42F3328219C5400D7210D /* ProfileViewController.xib in Resources */ = {isa = PBXBuildFile; fileRef = 8EE42F3128219C5400D7210D /* ProfileViewController.xib */; };
		8EE42F3528219C7600D7210D /* BarController.swift in Sources */ = {isa = PBXBuildFile; fileRef = 8EE42F3428219C7600D7210D /* BarController.swift */; };
		8EE42F3A2821A1AC00D7210D /* DecorationCell.swift in Sources */ = {isa = PBXBuildFile; fileRef = 8EE42F382821A1AC00D7210D /* DecorationCell.swift */; };
		8EE42F3B2821A1AC00D7210D /* DecorationCell.xib in Resources */ = {isa = PBXBuildFile; fileRef = 8EE42F392821A1AC00D7210D /* DecorationCell.xib */; };
		8EEB32252858B12A00918EA4 /* Date.swift in Sources */ = {isa = PBXBuildFile; fileRef = 8EEB32242858B12A00918EA4 /* Date.swift */; };
		8EEBA95E2860FF9E005F5825 /* MastersViewController.swift in Sources */ = {isa = PBXBuildFile; fileRef = 8EEBA95C2860FF9E005F5825 /* MastersViewController.swift */; };
		8EEBA95F2860FF9E005F5825 /* MastersViewController.xib in Resources */ = {isa = PBXBuildFile; fileRef = 8EEBA95D2860FF9E005F5825 /* MastersViewController.xib */; };
		8EEBA9632861008D005F5825 /* MasterCell.swift in Sources */ = {isa = PBXBuildFile; fileRef = 8EEBA9612861008D005F5825 /* MasterCell.swift */; };
		8EEBA9642861008D005F5825 /* MasterCell.xib in Resources */ = {isa = PBXBuildFile; fileRef = 8EEBA9622861008D005F5825 /* MasterCell.xib */; };
		8EEBA96628610142005F5825 /* Master.swift in Sources */ = {isa = PBXBuildFile; fileRef = 8EEBA96528610142005F5825 /* Master.swift */; };
/* End PBXBuildFile section */

/* Begin PBXFileReference section */
		1B661294B867C36531446097 /* Pods_HoleyValley2.framework */ = {isa = PBXFileReference; explicitFileType = wrapper.framework; includeInIndex = 0; path = Pods_HoleyValley2.framework; sourceTree = BUILT_PRODUCTS_DIR; };
		25FFF1A673E257735732082B /* Pods-HoleyValley2.debug.xcconfig */ = {isa = PBXFileReference; includeInIndex = 1; lastKnownFileType = text.xcconfig; name = "Pods-HoleyValley2.debug.xcconfig"; path = "Target Support Files/Pods-HoleyValley2/Pods-HoleyValley2.debug.xcconfig"; sourceTree = "<group>"; };
		8E0192B02822F2CF0057C3D8 /* DecorationType.swift */ = {isa = PBXFileReference; lastKnownFileType = sourcecode.swift; path = DecorationType.swift; sourceTree = "<group>"; };
		8E0845132871E8DC00350DED /* SelectedMasterViewController.swift */ = {isa = PBXFileReference; lastKnownFileType = sourcecode.swift; path = SelectedMasterViewController.swift; sourceTree = "<group>"; };
		8E0845142871E8DC00350DED /* SelectedMasterViewController.xib */ = {isa = PBXFileReference; lastKnownFileType = file.xib; path = SelectedMasterViewController.xib; sourceTree = "<group>"; };
		8E13A0B3283D67E2002D35EB /* AppointmentViewController.swift */ = {isa = PBXFileReference; lastKnownFileType = sourcecode.swift; path = AppointmentViewController.swift; sourceTree = "<group>"; wrapsLines = 0; };
		8E13A0B4283D67E2002D35EB /* AppointmentViewController.xib */ = {isa = PBXFileReference; lastKnownFileType = file.xib; path = AppointmentViewController.xib; sourceTree = "<group>"; };
		8E13BD45283B921B0039D1F9 /* ServiceCell.swift */ = {isa = PBXFileReference; lastKnownFileType = sourcecode.swift; path = ServiceCell.swift; sourceTree = "<group>"; };
		8E13BD46283B921B0039D1F9 /* ServiceCell.xib */ = {isa = PBXFileReference; lastKnownFileType = file.xib; path = ServiceCell.xib; sourceTree = "<group>"; };
		8E13BD4A283B92D00039D1F9 /* SingleServiceViewController.swift */ = {isa = PBXFileReference; lastKnownFileType = sourcecode.swift; path = SingleServiceViewController.swift; sourceTree = "<group>"; };
		8E13BD4B283B92D00039D1F9 /* SingleServiceViewController.xib */ = {isa = PBXFileReference; lastKnownFileType = file.xib; path = SingleServiceViewController.xib; sourceTree = "<group>"; };
		8E13BD4E283BA0690039D1F9 /* UIButton.swift */ = {isa = PBXFileReference; lastKnownFileType = sourcecode.swift; path = UIButton.swift; sourceTree = "<group>"; };
		8E19E52428456454007FABB0 /* Appointment.swift */ = {isa = PBXFileReference; lastKnownFileType = sourcecode.swift; path = Appointment.swift; sourceTree = "<group>"; };
		8E288EC228481F2C00A7F98B /* LabelCopyabel.swift */ = {isa = PBXFileReference; lastKnownFileType = sourcecode.swift; path = LabelCopyabel.swift; sourceTree = "<group>"; };
		8E516314283CCE06004CAFD3 /* SplashViewController.swift */ = {isa = PBXFileReference; lastKnownFileType = sourcecode.swift; path = SplashViewController.swift; sourceTree = "<group>"; };
		8E516315283CCE06004CAFD3 /* SplashViewController.xib */ = {isa = PBXFileReference; lastKnownFileType = file.xib; path = SplashViewController.xib; sourceTree = "<group>"; };
		8E51631A283CFD72004CAFD3 /* UIView.swift */ = {isa = PBXFileReference; lastKnownFileType = sourcecode.swift; path = UIView.swift; sourceTree = "<group>"; };
		8E5671432823080400B0395E /* Assets.xcassets */ = {isa = PBXFileReference; lastKnownFileType = folder.assetcatalog; name = Assets.xcassets; path = AppIcons/Assets.xcassets; sourceTree = SOURCE_ROOT; };
		8E59ACEA284A3ED50080039A /* SortingPoints.swift */ = {isa = PBXFileReference; lastKnownFileType = sourcecode.swift; path = SortingPoints.swift; sourceTree = "<group>"; };
		8E5AA6FB2856056D00CE70B7 /* SettingsViewController.swift */ = {isa = PBXFileReference; lastKnownFileType = sourcecode.swift; path = SettingsViewController.swift; sourceTree = "<group>"; };
		8E5AA6FC2856056D00CE70B7 /* SettingsViewController.xib */ = {isa = PBXFileReference; lastKnownFileType = file.xib; path = SettingsViewController.xib; sourceTree = "<group>"; };
		8E5AA70028564C0C00CE70B7 /* SettingsCell.swift */ = {isa = PBXFileReference; lastKnownFileType = sourcecode.swift; path = SettingsCell.swift; sourceTree = "<group>"; };
		8E5AA70128564C0C00CE70B7 /* SettingsCell.xib */ = {isa = PBXFileReference; lastKnownFileType = file.xib; path = SettingsCell.xib; sourceTree = "<group>"; };
		8E5AA7042856527800CE70B7 /* SettingsPoints.swift */ = {isa = PBXFileReference; lastKnownFileType = sourcecode.swift; path = SettingsPoints.swift; sourceTree = "<group>"; };
		8E609B8A28399FFF001D242E /* ImageScrollView.swift */ = {isa = PBXFileReference; lastKnownFileType = sourcecode.swift; path = ImageScrollView.swift; sourceTree = "<group>"; };
		8E75D61D285517B100ACBAF8 /* AppointmentCell.swift */ = {isa = PBXFileReference; lastKnownFileType = sourcecode.swift; path = AppointmentCell.swift; sourceTree = "<group>"; };
		8E75D61E285517B100ACBAF8 /* AppointmentCell.xib */ = {isa = PBXFileReference; lastKnownFileType = file.xib; path = AppointmentCell.xib; sourceTree = "<group>"; };
		8E7C439528326834001C0A2A /* GoogleService-Info.plist */ = {isa = PBXFileReference; lastKnownFileType = text.plist; path = "GoogleService-Info.plist"; sourceTree = SOURCE_ROOT; };
		8E977781285E79A1009B4817 /* TextField.swift */ = {isa = PBXFileReference; lastKnownFileType = sourcecode.swift; path = TextField.swift; sourceTree = "<group>"; };
		8E9D5129284D01260019F8A0 /* SortingViewController.swift */ = {isa = PBXFileReference; lastKnownFileType = sourcecode.swift; path = SortingViewController.swift; sourceTree = "<group>"; };
		8E9D512A284D01260019F8A0 /* SortingViewController.xib */ = {isa = PBXFileReference; lastKnownFileType = file.xib; path = SortingViewController.xib; sourceTree = "<group>"; };
		8E9D512E284D0CBA0019F8A0 /* SortingCell.swift */ = {isa = PBXFileReference; lastKnownFileType = sourcecode.swift; path = SortingCell.swift; sourceTree = "<group>"; };
		8E9D512F284D0CBA0019F8A0 /* SortingCell.xib */ = {isa = PBXFileReference; lastKnownFileType = file.xib; path = SortingCell.xib; sourceTree = "<group>"; };
		8E9D8F522835A34B009FDF12 /* Const.swift */ = {isa = PBXFileReference; lastKnownFileType = sourcecode.swift; path = Const.swift; sourceTree = "<group>"; };
		8E9D8F552835A774009FDF12 /* DecorationViewController.swift */ = {isa = PBXFileReference; lastKnownFileType = sourcecode.swift; path = DecorationViewController.swift; sourceTree = "<group>"; };
		8E9D8F562835A774009FDF12 /* DecorationViewController.xib */ = {isa = PBXFileReference; lastKnownFileType = file.xib; path = DecorationViewController.xib; sourceTree = "<group>"; };
		8EA9AB3B28219663005E0C2A /* HoleyValley2.app */ = {isa = PBXFileReference; explicitFileType = wrapper.application; includeInIndex = 0; path = HoleyValley2.app; sourceTree = BUILT_PRODUCTS_DIR; };
		8EA9AB3E28219663005E0C2A /* AppDelegate.swift */ = {isa = PBXFileReference; lastKnownFileType = sourcecode.swift; path = AppDelegate.swift; sourceTree = "<group>"; };
		8EA9AB4028219663005E0C2A /* SceneDelegate.swift */ = {isa = PBXFileReference; lastKnownFileType = sourcecode.swift; path = SceneDelegate.swift; sourceTree = "<group>"; };
		8EA9AB4528219663005E0C2A /* Base */ = {isa = PBXFileReference; lastKnownFileType = file.storyboard; name = Base; path = Base.lproj/Main.storyboard; sourceTree = "<group>"; };
		8EA9AB4A28219666005E0C2A /* Base */ = {isa = PBXFileReference; lastKnownFileType = file.storyboard; name = Base; path = Base.lproj/LaunchScreen.storyboard; sourceTree = "<group>"; };
		8EA9AB4C28219666005E0C2A /* Info.plist */ = {isa = PBXFileReference; lastKnownFileType = text.plist.xml; path = Info.plist; sourceTree = "<group>"; };
		8EA9AB532821967D005E0C2A /* RealmManager.swift */ = {isa = PBXFileReference; lastKnownFileType = sourcecode.swift; path = RealmManager.swift; sourceTree = "<group>"; };
		8EAB66E82837A5CA00D976B6 /* ImageViewController.swift */ = {isa = PBXFileReference; lastKnownFileType = sourcecode.swift; path = ImageViewController.swift; sourceTree = "<group>"; };
		8EAB66E92837A5CA00D976B6 /* ImageViewController.xib */ = {isa = PBXFileReference; lastKnownFileType = file.xib; path = ImageViewController.xib; sourceTree = "<group>"; };
		8EAB9146284EB8F9003BB9AA /* InputField.xib */ = {isa = PBXFileReference; lastKnownFileType = file.xib; path = InputField.xib; sourceTree = "<group>"; };
		8EAB9148284EB91D003BB9AA /* InputField.swift */ = {isa = PBXFileReference; lastKnownFileType = sourcecode.swift; path = InputField.swift; sourceTree = "<group>"; };
		8EAB914A284EB9F6003BB9AA /* ValidationType.swift */ = {isa = PBXFileReference; lastKnownFileType = sourcecode.swift; path = ValidationType.swift; sourceTree = "<group>"; };
		8EBBF8002857351000FE8655 /* NotificationsSettingsViewController.swift */ = {isa = PBXFileReference; lastKnownFileType = sourcecode.swift; path = NotificationsSettingsViewController.swift; sourceTree = "<group>"; };
		8EBBF8012857351000FE8655 /* NotificationsSettingsViewController.xib */ = {isa = PBXFileReference; lastKnownFileType = file.xib; path = NotificationsSettingsViewController.xib; sourceTree = "<group>"; };
		8EBBF8042857C86A00FE8655 /* NotificationManager.swift */ = {isa = PBXFileReference; lastKnownFileType = sourcecode.swift; path = NotificationManager.swift; sourceTree = "<group>"; };
		8EC2EB51285F30E7008FA683 /* FavoriteView.xib */ = {isa = PBXFileReference; lastKnownFileType = file.xib; path = FavoriteView.xib; sourceTree = "<group>"; };
		8EC2EB53285F30FF008FA683 /* FavoriteView.swift */ = {isa = PBXFileReference; lastKnownFileType = sourcecode.swift; path = FavoriteView.swift; sourceTree = "<group>"; };
		8EC2EB55285F3134008FA683 /* FavoriteViewDelegate.swift */ = {isa = PBXFileReference; lastKnownFileType = sourcecode.swift; path = FavoriteViewDelegate.swift; sourceTree = "<group>"; };
		8EC807FC2838FDF4008E176D /* FirebaseManager.swift */ = {isa = PBXFileReference; lastKnownFileType = sourcecode.swift; path = FirebaseManager.swift; sourceTree = "<group>"; };
		8EC8080528396A48008E176D /* Service.swift */ = {isa = PBXFileReference; lastKnownFileType = sourcecode.swift; path = Service.swift; sourceTree = "<group>"; };
		8ECF9CD628327B7B0058899B /* UIImageView.swift */ = {isa = PBXFileReference; lastKnownFileType = sourcecode.swift; path = UIImageView.swift; sourceTree = "<group>"; };
		8EE42F1D2821987B00D7210D /* Decoration.swift */ = {isa = PBXFileReference; lastKnownFileType = sourcecode.swift; path = Decoration.swift; sourceTree = "<group>"; };
		8EE42F2128219BA500D7210D /* ServicesViewController.swift */ = {isa = PBXFileReference; lastKnownFileType = sourcecode.swift; path = ServicesViewController.swift; sourceTree = "<group>"; };
		8EE42F2228219BA500D7210D /* ServicesViewController.xib */ = {isa = PBXFileReference; lastKnownFileType = file.xib; path = ServicesViewController.xib; sourceTree = "<group>"; };
		8EE42F2628219BC900D7210D /* CatalogViewController.swift */ = {isa = PBXFileReference; lastKnownFileType = sourcecode.swift; path = CatalogViewController.swift; sourceTree = "<group>"; };
		8EE42F2728219BC900D7210D /* CatalogViewController.xib */ = {isa = PBXFileReference; lastKnownFileType = file.xib; path = CatalogViewController.xib; sourceTree = "<group>"; };
		8EE42F2B28219C2E00D7210D /* ReceptionViewController.swift */ = {isa = PBXFileReference; lastKnownFileType = sourcecode.swift; path = ReceptionViewController.swift; sourceTree = "<group>"; };
		8EE42F2C28219C2E00D7210D /* ReceptionViewController.xib */ = {isa = PBXFileReference; lastKnownFileType = file.xib; path = ReceptionViewController.xib; sourceTree = "<group>"; };
		8EE42F3028219C5400D7210D /* ProfileViewController.swift */ = {isa = PBXFileReference; lastKnownFileType = sourcecode.swift; path = ProfileViewController.swift; sourceTree = "<group>"; };
		8EE42F3128219C5400D7210D /* ProfileViewController.xib */ = {isa = PBXFileReference; lastKnownFileType = file.xib; path = ProfileViewController.xib; sourceTree = "<group>"; };
		8EE42F3428219C7600D7210D /* BarController.swift */ = {isa = PBXFileReference; lastKnownFileType = sourcecode.swift; path = BarController.swift; sourceTree = "<group>"; };
		8EE42F382821A1AC00D7210D /* DecorationCell.swift */ = {isa = PBXFileReference; lastKnownFileType = sourcecode.swift; path = DecorationCell.swift; sourceTree = "<group>"; };
		8EE42F392821A1AC00D7210D /* DecorationCell.xib */ = {isa = PBXFileReference; lastKnownFileType = file.xib; path = DecorationCell.xib; sourceTree = "<group>"; };
		8EEB32242858B12A00918EA4 /* Date.swift */ = {isa = PBXFileReference; lastKnownFileType = sourcecode.swift; path = Date.swift; sourceTree = "<group>"; };
		8EEBA95C2860FF9E005F5825 /* MastersViewController.swift */ = {isa = PBXFileReference; lastKnownFileType = sourcecode.swift; path = MastersViewController.swift; sourceTree = "<group>"; };
		8EEBA95D2860FF9E005F5825 /* MastersViewController.xib */ = {isa = PBXFileReference; lastKnownFileType = file.xib; path = MastersViewController.xib; sourceTree = "<group>"; };
		8EEBA9612861008D005F5825 /* MasterCell.swift */ = {isa = PBXFileReference; lastKnownFileType = sourcecode.swift; path = MasterCell.swift; sourceTree = "<group>"; };
		8EEBA9622861008D005F5825 /* MasterCell.xib */ = {isa = PBXFileReference; lastKnownFileType = file.xib; path = MasterCell.xib; sourceTree = "<group>"; };
		8EEBA96528610142005F5825 /* Master.swift */ = {isa = PBXFileReference; lastKnownFileType = sourcecode.swift; path = Master.swift; sourceTree = "<group>"; };
		D6DAF3DF2163D1BA599EE55B /* Pods-HoleyValley2.release.xcconfig */ = {isa = PBXFileReference; includeInIndex = 1; lastKnownFileType = text.xcconfig; name = "Pods-HoleyValley2.release.xcconfig"; path = "Target Support Files/Pods-HoleyValley2/Pods-HoleyValley2.release.xcconfig"; sourceTree = "<group>"; };
/* End PBXFileReference section */

/* Begin PBXFrameworksBuildPhase section */
		8EA9AB3828219663005E0C2A /* Frameworks */ = {
			isa = PBXFrameworksBuildPhase;
			buildActionMask = 2147483647;
			files = (
				842B2716179E6AC1C506F91A /* Pods_HoleyValley2.framework in Frameworks */,
			);
			runOnlyForDeploymentPostprocessing = 0;
		};
/* End PBXFrameworksBuildPhase section */

/* Begin PBXGroup section */
		3E959A30944ACF9ECA9F2438 /* Pods */ = {
			isa = PBXGroup;
			children = (
				25FFF1A673E257735732082B /* Pods-HoleyValley2.debug.xcconfig */,
				D6DAF3DF2163D1BA599EE55B /* Pods-HoleyValley2.release.xcconfig */,
			);
			path = Pods;
			sourceTree = "<group>";
		};
		8E0845122871E8C600350DED /* SelectedMasterViewController */ = {
			isa = PBXGroup;
			children = (
				8E0845132871E8DC00350DED /* SelectedMasterViewController.swift */,
				8E0845142871E8DC00350DED /* SelectedMasterViewController.xib */,
			);
			path = SelectedMasterViewController;
			sourceTree = "<group>";
		};
		8E13A0B2283D67C2002D35EB /* AppointmentViewController */ = {
			isa = PBXGroup;
			children = (
				8E13A0B3283D67E2002D35EB /* AppointmentViewController.swift */,
				8E13A0B4283D67E2002D35EB /* AppointmentViewController.xib */,
			);
			path = AppointmentViewController;
			sourceTree = "<group>";
		};
		8E13BD44283B918F0039D1F9 /* ServiceCell */ = {
			isa = PBXGroup;
			children = (
				8E13BD45283B921B0039D1F9 /* ServiceCell.swift */,
				8E13BD46283B921B0039D1F9 /* ServiceCell.xib */,
			);
			path = ServiceCell;
			sourceTree = "<group>";
		};
		8E13BD49283B92AF0039D1F9 /* SingleServiceVC */ = {
			isa = PBXGroup;
			children = (
				8E13BD4A283B92D00039D1F9 /* SingleServiceViewController.swift */,
				8E13BD4B283B92D00039D1F9 /* SingleServiceViewController.xib */,
			);
			path = SingleServiceVC;
			sourceTree = "<group>";
		};
		8E5AA6FA2856054E00CE70B7 /* SettingsVC */ = {
			isa = PBXGroup;
			children = (
				8E5AA6FB2856056D00CE70B7 /* SettingsViewController.swift */,
				8E5AA6FC2856056D00CE70B7 /* SettingsViewController.xib */,
			);
			path = SettingsVC;
			sourceTree = "<group>";
		};
		8E5AA6FF28564BD300CE70B7 /* SettingsCell */ = {
			isa = PBXGroup;
			children = (
				8E5AA70028564C0C00CE70B7 /* SettingsCell.swift */,
				8E5AA70128564C0C00CE70B7 /* SettingsCell.xib */,
			);
			path = SettingsCell;
			sourceTree = "<group>";
		};
		8E75D61C2855179300ACBAF8 /* AppointmentCell */ = {
			isa = PBXGroup;
			children = (
				8E75D61D285517B100ACBAF8 /* AppointmentCell.swift */,
				8E75D61E285517B100ACBAF8 /* AppointmentCell.xib */,
			);
			path = AppointmentCell;
			sourceTree = "<group>";
		};
		8E9D5128284D010A0019F8A0 /* SortingViewController */ = {
			isa = PBXGroup;
			children = (
				8E9D5129284D01260019F8A0 /* SortingViewController.swift */,
				8E9D512A284D01260019F8A0 /* SortingViewController.xib */,
			);
			path = SortingViewController;
			sourceTree = "<group>";
		};
		8E9D512D284D0C9F0019F8A0 /* SortingCell */ = {
			isa = PBXGroup;
			children = (
				8E9D512E284D0CBA0019F8A0 /* SortingCell.swift */,
				8E9D512F284D0CBA0019F8A0 /* SortingCell.xib */,
			);
			path = SortingCell;
			sourceTree = "<group>";
		};
		8E9D8F542835A759009FDF12 /* DecorationViewController */ = {
			isa = PBXGroup;
			children = (
				8E9D8F552835A774009FDF12 /* DecorationViewController.swift */,
				8E9D8F562835A774009FDF12 /* DecorationViewController.xib */,
			);
			path = DecorationViewController;
			sourceTree = "<group>";
		};
		8EA9AB3228219663005E0C2A = {
			isa = PBXGroup;
			children = (
				8EA9AB3D28219663005E0C2A /* HoleyValley2 */,
				8EA9AB3C28219663005E0C2A /* Products */,
				3E959A30944ACF9ECA9F2438 /* Pods */,
				EF00659F2B0477495E114BF8 /* Frameworks */,
			);
			sourceTree = "<group>";
		};
		8EA9AB3C28219663005E0C2A /* Products */ = {
			isa = PBXGroup;
			children = (
				8EA9AB3B28219663005E0C2A /* HoleyValley2.app */,
			);
			name = Products;
			sourceTree = "<group>";
		};
		8EA9AB3D28219663005E0C2A /* HoleyValley2 */ = {
			isa = PBXGroup;
			children = (
				8EC2EB50285F30A4008FA683 /* FavoriteView */,
				8EAB9143284EB8C2003BB9AA /* InputField */,
				8ECF9CD5283279D20058899B /* Extensions */,
				8EE42F362821A18D00D7210D /* Cells */,
				8EE42F1F28219B7100D7210D /* Controllers */,
				8EE42F1C2821986B00D7210D /* Models */,
				8EA9AB5228219672005E0C2A /* Managers */,
				8EA9AB3E28219663005E0C2A /* AppDelegate.swift */,
				8EA9AB4028219663005E0C2A /* SceneDelegate.swift */,
				8EA9AB4428219663005E0C2A /* Main.storyboard */,
				8E5671432823080400B0395E /* Assets.xcassets */,
				8EA9AB4928219666005E0C2A /* LaunchScreen.storyboard */,
				8EA9AB4C28219666005E0C2A /* Info.plist */,
				8EE42F3428219C7600D7210D /* BarController.swift */,
				8E7C439528326834001C0A2A /* GoogleService-Info.plist */,
			);
			path = HoleyValley2;
			sourceTree = "<group>";
		};
		8EA9AB5228219672005E0C2A /* Managers */ = {
			isa = PBXGroup;
			children = (
				8EC807FC2838FDF4008E176D /* FirebaseManager.swift */,
				8EA9AB532821967D005E0C2A /* RealmManager.swift */,
				8EBBF8042857C86A00FE8655 /* NotificationManager.swift */,
			);
			path = Managers;
			sourceTree = "<group>";
		};
		8EAB66E72837A5B000D976B6 /* ImageViewController */ = {
			isa = PBXGroup;
			children = (
				8EAB66E82837A5CA00D976B6 /* ImageViewController.swift */,
				8EAB66E92837A5CA00D976B6 /* ImageViewController.xib */,
			);
			path = ImageViewController;
			sourceTree = "<group>";
		};
		8EAB9143284EB8C2003BB9AA /* InputField */ = {
			isa = PBXGroup;
			children = (
				8EAB9146284EB8F9003BB9AA /* InputField.xib */,
				8EAB9148284EB91D003BB9AA /* InputField.swift */,
				8EAB914A284EB9F6003BB9AA /* ValidationType.swift */,
			);
			path = InputField;
			sourceTree = "<group>";
		};
		8EBBF7FF285734E800FE8655 /* NotificationsSettingsViewController */ = {
			isa = PBXGroup;
			children = (
				8EBBF8002857351000FE8655 /* NotificationsSettingsViewController.swift */,
				8EBBF8012857351000FE8655 /* NotificationsSettingsViewController.xib */,
			);
			path = NotificationsSettingsViewController;
			sourceTree = "<group>";
		};
		8EC2EB50285F30A4008FA683 /* FavoriteView */ = {
			isa = PBXGroup;
			children = (
				8EC2EB51285F30E7008FA683 /* FavoriteView.xib */,
				8EC2EB53285F30FF008FA683 /* FavoriteView.swift */,
				8EC2EB55285F3134008FA683 /* FavoriteViewDelegate.swift */,
			);
			path = FavoriteView;
			sourceTree = "<group>";
		};
		8EC807FE28393F2F008E176D /* SplashViewController */ = {
			isa = PBXGroup;
			children = (
				8E516314283CCE06004CAFD3 /* SplashViewController.swift */,
				8E516315283CCE06004CAFD3 /* SplashViewController.xib */,
			);
			path = SplashViewController;
			sourceTree = "<group>";
		};
		8ECF9CD5283279D20058899B /* Extensions */ = {
			isa = PBXGroup;
			children = (
				8ECF9CD628327B7B0058899B /* UIImageView.swift */,
				8E609B8A28399FFF001D242E /* ImageScrollView.swift */,
				8E13BD4E283BA0690039D1F9 /* UIButton.swift */,
				8E51631A283CFD72004CAFD3 /* UIView.swift */,
				8E288EC228481F2C00A7F98B /* LabelCopyabel.swift */,
				8EEB32242858B12A00918EA4 /* Date.swift */,
				8E977781285E79A1009B4817 /* TextField.swift */,
			);
			path = Extensions;
			sourceTree = "<group>";
		};
		8EE42F1C2821986B00D7210D /* Models */ = {
			isa = PBXGroup;
			children = (
				8EE42F1D2821987B00D7210D /* Decoration.swift */,
				8E59ACEA284A3ED50080039A /* SortingPoints.swift */,
				8EC8080528396A48008E176D /* Service.swift */,
				8E0192B02822F2CF0057C3D8 /* DecorationType.swift */,
				8E9D8F522835A34B009FDF12 /* Const.swift */,
				8E19E52428456454007FABB0 /* Appointment.swift */,
				8E5AA7042856527800CE70B7 /* SettingsPoints.swift */,
				8EEBA96528610142005F5825 /* Master.swift */,
			);
			path = Models;
			sourceTree = "<group>";
		};
		8EE42F1F28219B7100D7210D /* Controllers */ = {
			isa = PBXGroup;
			children = (
				8E0845122871E8C600350DED /* SelectedMasterViewController */,
				8EEBA95B2860FF85005F5825 /* MastersViewController */,
				8EBBF7FF285734E800FE8655 /* NotificationsSettingsViewController */,
				8E5AA6FA2856054E00CE70B7 /* SettingsVC */,
				8E9D5128284D010A0019F8A0 /* SortingViewController */,
				8E13A0B2283D67C2002D35EB /* AppointmentViewController */,
				8E13BD49283B92AF0039D1F9 /* SingleServiceVC */,
				8EAB66E72837A5B000D976B6 /* ImageViewController */,
				8E9D8F542835A759009FDF12 /* DecorationViewController */,
				8EE42F2F28219C3100D7210D /* ProfileViewController */,
				8EE42F2A28219BCB00D7210D /* ReceptionViewController */,
				8EE42F2528219BA800D7210D /* CatalogViewController */,
				8EE42F2028219B7800D7210D /* ServicesViewController */,
				8EC807FE28393F2F008E176D /* SplashViewController */,
			);
			path = Controllers;
			sourceTree = "<group>";
		};
		8EE42F2028219B7800D7210D /* ServicesViewController */ = {
			isa = PBXGroup;
			children = (
				8EE42F2128219BA500D7210D /* ServicesViewController.swift */,
				8EE42F2228219BA500D7210D /* ServicesViewController.xib */,
			);
			path = ServicesViewController;
			sourceTree = "<group>";
		};
		8EE42F2528219BA800D7210D /* CatalogViewController */ = {
			isa = PBXGroup;
			children = (
				8EE42F2628219BC900D7210D /* CatalogViewController.swift */,
				8EE42F2728219BC900D7210D /* CatalogViewController.xib */,
			);
			path = CatalogViewController;
			sourceTree = "<group>";
		};
		8EE42F2A28219BCB00D7210D /* ReceptionViewController */ = {
			isa = PBXGroup;
			children = (
				8EE42F2B28219C2E00D7210D /* ReceptionViewController.swift */,
				8EE42F2C28219C2E00D7210D /* ReceptionViewController.xib */,
			);
			path = ReceptionViewController;
			sourceTree = "<group>";
		};
		8EE42F2F28219C3100D7210D /* ProfileViewController */ = {
			isa = PBXGroup;
			children = (
				8EE42F3028219C5400D7210D /* ProfileViewController.swift */,
				8EE42F3128219C5400D7210D /* ProfileViewController.xib */,
			);
			path = ProfileViewController;
			sourceTree = "<group>";
		};
		8EE42F362821A18D00D7210D /* Cells */ = {
			isa = PBXGroup;
			children = (
				8EEBA96028610074005F5825 /* MasterCell */,
				8E5AA6FF28564BD300CE70B7 /* SettingsCell */,
				8E75D61C2855179300ACBAF8 /* AppointmentCell */,
				8E9D512D284D0C9F0019F8A0 /* SortingCell */,
				8E13BD44283B918F0039D1F9 /* ServiceCell */,
				8EE42F372821A19000D7210D /* DecorationCell */,
			);
			path = Cells;
			sourceTree = "<group>";
		};
		8EE42F372821A19000D7210D /* DecorationCell */ = {
			isa = PBXGroup;
			children = (
				8EE42F382821A1AC00D7210D /* DecorationCell.swift */,
				8EE42F392821A1AC00D7210D /* DecorationCell.xib */,
			);
			path = DecorationCell;
			sourceTree = "<group>";
		};
		8EEBA95B2860FF85005F5825 /* MastersViewController */ = {
			isa = PBXGroup;
			children = (
				8EEBA95C2860FF9E005F5825 /* MastersViewController.swift */,
				8EEBA95D2860FF9E005F5825 /* MastersViewController.xib */,
			);
			path = MastersViewController;
			sourceTree = "<group>";
		};
		8EEBA96028610074005F5825 /* MasterCell */ = {
			isa = PBXGroup;
			children = (
				8EEBA9612861008D005F5825 /* MasterCell.swift */,
				8EEBA9622861008D005F5825 /* MasterCell.xib */,
			);
			path = MasterCell;
			sourceTree = "<group>";
		};
		EF00659F2B0477495E114BF8 /* Frameworks */ = {
			isa = PBXGroup;
			children = (
				1B661294B867C36531446097 /* Pods_HoleyValley2.framework */,
			);
			name = Frameworks;
			sourceTree = "<group>";
		};
/* End PBXGroup section */

/* Begin PBXNativeTarget section */
		8EA9AB3A28219663005E0C2A /* HoleyValley2 */ = {
			isa = PBXNativeTarget;
			buildConfigurationList = 8EA9AB4F28219666005E0C2A /* Build configuration list for PBXNativeTarget "HoleyValley2" */;
			buildPhases = (
				C9C55C786F216B0B211E089D /* [CP] Check Pods Manifest.lock */,
				8EA9AB3728219663005E0C2A /* Sources */,
				8EA9AB3828219663005E0C2A /* Frameworks */,
				8EA9AB3928219663005E0C2A /* Resources */,
				E2C4452181BBF4ACFD7085EB /* [CP] Embed Pods Frameworks */,
			);
			buildRules = (
			);
			dependencies = (
			);
			name = HoleyValley2;
			productName = HoleyValley2;
			productReference = 8EA9AB3B28219663005E0C2A /* HoleyValley2.app */;
			productType = "com.apple.product-type.application";
		};
/* End PBXNativeTarget section */

/* Begin PBXProject section */
		8EA9AB3328219663005E0C2A /* Project object */ = {
			isa = PBXProject;
			attributes = {
				BuildIndependentTargetsInParallel = 1;
				LastSwiftUpdateCheck = 1330;
				LastUpgradeCheck = 1330;
				TargetAttributes = {
					8EA9AB3A28219663005E0C2A = {
						CreatedOnToolsVersion = 13.3;
					};
				};
			};
			buildConfigurationList = 8EA9AB3628219663005E0C2A /* Build configuration list for PBXProject "HoleyValley2" */;
			compatibilityVersion = "Xcode 13.0";
			developmentRegion = en;
			hasScannedForEncodings = 0;
			knownRegions = (
				en,
				Base,
			);
			mainGroup = 8EA9AB3228219663005E0C2A;
			productRefGroup = 8EA9AB3C28219663005E0C2A /* Products */;
			projectDirPath = "";
			projectRoot = "";
			targets = (
				8EA9AB3A28219663005E0C2A /* HoleyValley2 */,
			);
		};
/* End PBXProject section */

/* Begin PBXResourcesBuildPhase section */
		8EA9AB3928219663005E0C2A /* Resources */ = {
			isa = PBXResourcesBuildPhase;
			buildActionMask = 2147483647;
			files = (
				8EEBA9642861008D005F5825 /* MasterCell.xib in Resources */,
				8EEBA95F2860FF9E005F5825 /* MastersViewController.xib in Resources */,
				8EBBF8032857351000FE8655 /* NotificationsSettingsViewController.xib in Resources */,
				8E5AA70328564C0C00CE70B7 /* SettingsCell.xib in Resources */,
				8E9D8F582835A774009FDF12 /* DecorationViewController.xib in Resources */,
				8EE42F3328219C5400D7210D /* ProfileViewController.xib in Resources */,
				8EE42F2928219BC900D7210D /* CatalogViewController.xib in Resources */,
				8E9D5131284D0CBA0019F8A0 /* SortingCell.xib in Resources */,
				8E516317283CCE06004CAFD3 /* SplashViewController.xib in Resources */,
				8EC2EB52285F30E7008FA683 /* FavoriteView.xib in Resources */,
				8E0845162871E8DC00350DED /* SelectedMasterViewController.xib in Resources */,
				8E7C439628326834001C0A2A /* GoogleService-Info.plist in Resources */,
				8EA9AB4B28219666005E0C2A /* LaunchScreen.storyboard in Resources */,
				8EAB9147284EB8F9003BB9AA /* InputField.xib in Resources */,
				8EE42F3B2821A1AC00D7210D /* DecorationCell.xib in Resources */,
				8E13BD4D283B92D00039D1F9 /* SingleServiceViewController.xib in Resources */,
				8EE42F2E28219C2E00D7210D /* ReceptionViewController.xib in Resources */,
				8EE42F2428219BA500D7210D /* ServicesViewController.xib in Resources */,
				8E5671442823080400B0395E /* Assets.xcassets in Resources */,
				8EAB66EB2837A5CA00D976B6 /* ImageViewController.xib in Resources */,
				8E13A0B6283D67E2002D35EB /* AppointmentViewController.xib in Resources */,
				8E75D620285517B100ACBAF8 /* AppointmentCell.xib in Resources */,
				8EA9AB4628219663005E0C2A /* Main.storyboard in Resources */,
				8E13BD48283B921C0039D1F9 /* ServiceCell.xib in Resources */,
				8E9D512C284D01260019F8A0 /* SortingViewController.xib in Resources */,
				8E5AA6FE2856056D00CE70B7 /* SettingsViewController.xib in Resources */,
			);
			runOnlyForDeploymentPostprocessing = 0;
		};
/* End PBXResourcesBuildPhase section */

/* Begin PBXShellScriptBuildPhase section */
		C9C55C786F216B0B211E089D /* [CP] Check Pods Manifest.lock */ = {
			isa = PBXShellScriptBuildPhase;
			buildActionMask = 2147483647;
			files = (
			);
			inputFileListPaths = (
			);
			inputPaths = (
				"${PODS_PODFILE_DIR_PATH}/Podfile.lock",
				"${PODS_ROOT}/Manifest.lock",
			);
			name = "[CP] Check Pods Manifest.lock";
			outputFileListPaths = (
			);
			outputPaths = (
				"$(DERIVED_FILE_DIR)/Pods-HoleyValley2-checkManifestLockResult.txt",
			);
			runOnlyForDeploymentPostprocessing = 0;
			shellPath = /bin/sh;
			shellScript = "diff \"${PODS_PODFILE_DIR_PATH}/Podfile.lock\" \"${PODS_ROOT}/Manifest.lock\" > /dev/null\nif [ $? != 0 ] ; then\n    # print error to STDERR\n    echo \"error: The sandbox is not in sync with the Podfile.lock. Run 'pod install' or update your CocoaPods installation.\" >&2\n    exit 1\nfi\n# This output is used by Xcode 'outputs' to avoid re-running this script phase.\necho \"SUCCESS\" > \"${SCRIPT_OUTPUT_FILE_0}\"\n";
			showEnvVarsInLog = 0;
		};
		E2C4452181BBF4ACFD7085EB /* [CP] Embed Pods Frameworks */ = {
			isa = PBXShellScriptBuildPhase;
			buildActionMask = 2147483647;
			files = (
			);
			inputFileListPaths = (
				"${PODS_ROOT}/Target Support Files/Pods-HoleyValley2/Pods-HoleyValley2-frameworks-${CONFIGURATION}-input-files.xcfilelist",
			);
			name = "[CP] Embed Pods Frameworks";
			outputFileListPaths = (
				"${PODS_ROOT}/Target Support Files/Pods-HoleyValley2/Pods-HoleyValley2-frameworks-${CONFIGURATION}-output-files.xcfilelist",
			);
			runOnlyForDeploymentPostprocessing = 0;
			shellPath = /bin/sh;
			shellScript = "\"${PODS_ROOT}/Target Support Files/Pods-HoleyValley2/Pods-HoleyValley2-frameworks.sh\"\n";
			showEnvVarsInLog = 0;
		};
/* End PBXShellScriptBuildPhase section */

/* Begin PBXSourcesBuildPhase section */
		8EA9AB3728219663005E0C2A /* Sources */ = {
			isa = PBXSourcesBuildPhase;
			buildActionMask = 2147483647;
			files = (
				8E13A0B5283D67E2002D35EB /* AppointmentViewController.swift in Sources */,
				8E13BD4C283B92D00039D1F9 /* SingleServiceViewController.swift in Sources */,
				8E5AA6FD2856056D00CE70B7 /* SettingsViewController.swift in Sources */,
				8EEBA96628610142005F5825 /* Master.swift in Sources */,
				8E9D8F532835A34B009FDF12 /* Const.swift in Sources */,
				8E9D512B284D01260019F8A0 /* SortingViewController.swift in Sources */,
				8E288EC328481F2C00A7F98B /* LabelCopyabel.swift in Sources */,
				8EE42F2D28219C2E00D7210D /* ReceptionViewController.swift in Sources */,
				8EE42F2828219BC900D7210D /* CatalogViewController.swift in Sources */,
				8EC2EB54285F30FF008FA683 /* FavoriteView.swift in Sources */,
				8EBBF8052857C86A00FE8655 /* NotificationManager.swift in Sources */,
				8E13BD47283B921B0039D1F9 /* ServiceCell.swift in Sources */,
				8EE42F2328219BA500D7210D /* ServicesViewController.swift in Sources */,
				8EC2EB56285F3134008FA683 /* FavoriteViewDelegate.swift in Sources */,
				8E0845152871E8DC00350DED /* SelectedMasterViewController.swift in Sources */,
				8E9D8F572835A774009FDF12 /* DecorationViewController.swift in Sources */,
				8E51631B283CFD72004CAFD3 /* UIView.swift in Sources */,
				8EE42F3A2821A1AC00D7210D /* DecorationCell.swift in Sources */,
				8EAB914B284EB9F6003BB9AA /* ValidationType.swift in Sources */,
				8EE42F1E2821987B00D7210D /* Decoration.swift in Sources */,
				8E9D5130284D0CBA0019F8A0 /* SortingCell.swift in Sources */,
				8EAB66EA2837A5CA00D976B6 /* ImageViewController.swift in Sources */,
				8E977782285E79A1009B4817 /* TextField.swift in Sources */,
				8EA9AB542821967D005E0C2A /* RealmManager.swift in Sources */,
				8EEBA9632861008D005F5825 /* MasterCell.swift in Sources */,
				8EC8080628396A48008E176D /* Service.swift in Sources */,
				8EE42F3228219C5400D7210D /* ProfileViewController.swift in Sources */,
				8E5AA70228564C0C00CE70B7 /* SettingsCell.swift in Sources */,
				8EE42F3528219C7600D7210D /* BarController.swift in Sources */,
				8E13BD4F283BA0690039D1F9 /* UIButton.swift in Sources */,
				8E59ACEB284A3ED50080039A /* SortingPoints.swift in Sources */,
				8EEBA95E2860FF9E005F5825 /* MastersViewController.swift in Sources */,
				8E0192B12822F2CF0057C3D8 /* DecorationType.swift in Sources */,
				8EC807FD2838FDF4008E176D /* FirebaseManager.swift in Sources */,
				8EBBF8022857351000FE8655 /* NotificationsSettingsViewController.swift in Sources */,
				8EAB9149284EB91D003BB9AA /* InputField.swift in Sources */,
				8E19E52528456454007FABB0 /* Appointment.swift in Sources */,
				8ECF9CD728327B7B0058899B /* UIImageView.swift in Sources */,
				8EA9AB3F28219663005E0C2A /* AppDelegate.swift in Sources */,
				8E5AA7052856527800CE70B7 /* SettingsPoints.swift in Sources */,
				8E609B8B28399FFF001D242E /* ImageScrollView.swift in Sources */,
				8EA9AB4128219663005E0C2A /* SceneDelegate.swift in Sources */,
				8EEB32252858B12A00918EA4 /* Date.swift in Sources */,
				8E516316283CCE06004CAFD3 /* SplashViewController.swift in Sources */,
				8E75D61F285517B100ACBAF8 /* AppointmentCell.swift in Sources */,
			);
			runOnlyForDeploymentPostprocessing = 0;
		};
/* End PBXSourcesBuildPhase section */

/* Begin PBXVariantGroup section */
		8EA9AB4428219663005E0C2A /* Main.storyboard */ = {
			isa = PBXVariantGroup;
			children = (
				8EA9AB4528219663005E0C2A /* Base */,
			);
			name = Main.storyboard;
			sourceTree = "<group>";
		};
		8EA9AB4928219666005E0C2A /* LaunchScreen.storyboard */ = {
			isa = PBXVariantGroup;
			children = (
				8EA9AB4A28219666005E0C2A /* Base */,
			);
			name = LaunchScreen.storyboard;
			sourceTree = "<group>";
		};
/* End PBXVariantGroup section */

/* Begin XCBuildConfiguration section */
		8EA9AB4D28219666005E0C2A /* Debug */ = {
			isa = XCBuildConfiguration;
			buildSettings = {
				ALWAYS_SEARCH_USER_PATHS = NO;
				CLANG_ANALYZER_NONNULL = YES;
				CLANG_ANALYZER_NUMBER_OBJECT_CONVERSION = YES_AGGRESSIVE;
				CLANG_CXX_LANGUAGE_STANDARD = "gnu++17";
				CLANG_ENABLE_MODULES = YES;
				CLANG_ENABLE_OBJC_ARC = YES;
				CLANG_ENABLE_OBJC_WEAK = YES;
				CLANG_WARN_BLOCK_CAPTURE_AUTORELEASING = YES;
				CLANG_WARN_BOOL_CONVERSION = YES;
				CLANG_WARN_COMMA = YES;
				CLANG_WARN_CONSTANT_CONVERSION = YES;
				CLANG_WARN_DEPRECATED_OBJC_IMPLEMENTATIONS = YES;
				CLANG_WARN_DIRECT_OBJC_ISA_USAGE = YES_ERROR;
				CLANG_WARN_DOCUMENTATION_COMMENTS = YES;
				CLANG_WARN_EMPTY_BODY = YES;
				CLANG_WARN_ENUM_CONVERSION = YES;
				CLANG_WARN_INFINITE_RECURSION = YES;
				CLANG_WARN_INT_CONVERSION = YES;
				CLANG_WARN_NON_LITERAL_NULL_CONVERSION = YES;
				CLANG_WARN_OBJC_IMPLICIT_RETAIN_SELF = YES;
				CLANG_WARN_OBJC_LITERAL_CONVERSION = YES;
				CLANG_WARN_OBJC_ROOT_CLASS = YES_ERROR;
				CLANG_WARN_QUOTED_INCLUDE_IN_FRAMEWORK_HEADER = YES;
				CLANG_WARN_RANGE_LOOP_ANALYSIS = YES;
				CLANG_WARN_STRICT_PROTOTYPES = YES;
				CLANG_WARN_SUSPICIOUS_MOVE = YES;
				CLANG_WARN_UNGUARDED_AVAILABILITY = YES_AGGRESSIVE;
				CLANG_WARN_UNREACHABLE_CODE = YES;
				CLANG_WARN__DUPLICATE_METHOD_MATCH = YES;
				COPY_PHASE_STRIP = NO;
				DEBUG_INFORMATION_FORMAT = dwarf;
				ENABLE_STRICT_OBJC_MSGSEND = YES;
				ENABLE_TESTABILITY = YES;
				GCC_C_LANGUAGE_STANDARD = gnu11;
				GCC_DYNAMIC_NO_PIC = NO;
				GCC_NO_COMMON_BLOCKS = YES;
				GCC_OPTIMIZATION_LEVEL = 0;
				GCC_PREPROCESSOR_DEFINITIONS = (
					"DEBUG=1",
					"$(inherited)",
				);
				GCC_WARN_64_TO_32_BIT_CONVERSION = YES;
				GCC_WARN_ABOUT_RETURN_TYPE = YES_ERROR;
				GCC_WARN_UNDECLARED_SELECTOR = YES;
				GCC_WARN_UNINITIALIZED_AUTOS = YES_AGGRESSIVE;
				GCC_WARN_UNUSED_FUNCTION = YES;
				GCC_WARN_UNUSED_VARIABLE = YES;
				IPHONEOS_DEPLOYMENT_TARGET = 15.4;
				MTL_ENABLE_DEBUG_INFO = INCLUDE_SOURCE;
				MTL_FAST_MATH = YES;
				ONLY_ACTIVE_ARCH = YES;
				SDKROOT = iphoneos;
				SWIFT_ACTIVE_COMPILATION_CONDITIONS = DEBUG;
				SWIFT_OPTIMIZATION_LEVEL = "-Onone";
			};
			name = Debug;
		};
		8EA9AB4E28219666005E0C2A /* Release */ = {
			isa = XCBuildConfiguration;
			buildSettings = {
				ALWAYS_SEARCH_USER_PATHS = NO;
				CLANG_ANALYZER_NONNULL = YES;
				CLANG_ANALYZER_NUMBER_OBJECT_CONVERSION = YES_AGGRESSIVE;
				CLANG_CXX_LANGUAGE_STANDARD = "gnu++17";
				CLANG_ENABLE_MODULES = YES;
				CLANG_ENABLE_OBJC_ARC = YES;
				CLANG_ENABLE_OBJC_WEAK = YES;
				CLANG_WARN_BLOCK_CAPTURE_AUTORELEASING = YES;
				CLANG_WARN_BOOL_CONVERSION = YES;
				CLANG_WARN_COMMA = YES;
				CLANG_WARN_CONSTANT_CONVERSION = YES;
				CLANG_WARN_DEPRECATED_OBJC_IMPLEMENTATIONS = YES;
				CLANG_WARN_DIRECT_OBJC_ISA_USAGE = YES_ERROR;
				CLANG_WARN_DOCUMENTATION_COMMENTS = YES;
				CLANG_WARN_EMPTY_BODY = YES;
				CLANG_WARN_ENUM_CONVERSION = YES;
				CLANG_WARN_INFINITE_RECURSION = YES;
				CLANG_WARN_INT_CONVERSION = YES;
				CLANG_WARN_NON_LITERAL_NULL_CONVERSION = YES;
				CLANG_WARN_OBJC_IMPLICIT_RETAIN_SELF = YES;
				CLANG_WARN_OBJC_LITERAL_CONVERSION = YES;
				CLANG_WARN_OBJC_ROOT_CLASS = YES_ERROR;
				CLANG_WARN_QUOTED_INCLUDE_IN_FRAMEWORK_HEADER = YES;
				CLANG_WARN_RANGE_LOOP_ANALYSIS = YES;
				CLANG_WARN_STRICT_PROTOTYPES = YES;
				CLANG_WARN_SUSPICIOUS_MOVE = YES;
				CLANG_WARN_UNGUARDED_AVAILABILITY = YES_AGGRESSIVE;
				CLANG_WARN_UNREACHABLE_CODE = YES;
				CLANG_WARN__DUPLICATE_METHOD_MATCH = YES;
				COPY_PHASE_STRIP = NO;
				DEBUG_INFORMATION_FORMAT = "dwarf-with-dsym";
				ENABLE_NS_ASSERTIONS = NO;
				ENABLE_STRICT_OBJC_MSGSEND = YES;
				GCC_C_LANGUAGE_STANDARD = gnu11;
				GCC_NO_COMMON_BLOCKS = YES;
				GCC_WARN_64_TO_32_BIT_CONVERSION = YES;
				GCC_WARN_ABOUT_RETURN_TYPE = YES_ERROR;
				GCC_WARN_UNDECLARED_SELECTOR = YES;
				GCC_WARN_UNINITIALIZED_AUTOS = YES_AGGRESSIVE;
				GCC_WARN_UNUSED_FUNCTION = YES;
				GCC_WARN_UNUSED_VARIABLE = YES;
				IPHONEOS_DEPLOYMENT_TARGET = 15.4;
				MTL_ENABLE_DEBUG_INFO = NO;
				MTL_FAST_MATH = YES;
				SDKROOT = iphoneos;
				SWIFT_COMPILATION_MODE = wholemodule;
				SWIFT_OPTIMIZATION_LEVEL = "-O";
				VALIDATE_PRODUCT = YES;
			};
			name = Release;
		};
		8EA9AB5028219666005E0C2A /* Debug */ = {
			isa = XCBuildConfiguration;
			baseConfigurationReference = 25FFF1A673E257735732082B /* Pods-HoleyValley2.debug.xcconfig */;
			buildSettings = {
				ASSETCATALOG_COMPILER_APPICON_NAME = AppIcon;
				ASSETCATALOG_COMPILER_GLOBAL_ACCENT_COLOR_NAME = AccentColor;
				CODE_SIGN_STYLE = Automatic;
				CURRENT_PROJECT_VERSION = 1;
				DEVELOPMENT_TEAM = 8HDA39CT36;
				GENERATE_INFOPLIST_FILE = YES;
				INFOPLIST_FILE = HoleyValley2/Info.plist;
				INFOPLIST_KEY_UIApplicationSupportsIndirectInputEvents = YES;
				INFOPLIST_KEY_UILaunchStoryboardName = LaunchScreen;
				INFOPLIST_KEY_UIMainStoryboardFile = Main;
				INFOPLIST_KEY_UISupportedInterfaceOrientations = "";
				INFOPLIST_KEY_UISupportedInterfaceOrientations_iPad = "UIInterfaceOrientationPortrait UIInterfaceOrientationPortraitUpsideDown UIInterfaceOrientationLandscapeLeft UIInterfaceOrientationLandscapeRight";
				INFOPLIST_KEY_UISupportedInterfaceOrientations_iPhone = "UIInterfaceOrientationPortrait UIInterfaceOrientationLandscapeLeft UIInterfaceOrientationLandscapeRight";
				LD_RUNPATH_SEARCH_PATHS = (
					"$(inherited)",
					"@executable_path/Frameworks",
				);
				MARKETING_VERSION = 1.0;
				PRODUCT_BUNDLE_IDENTIFIER = access.random.HoleyValley;
				PRODUCT_NAME = "$(TARGET_NAME)";
				SWIFT_EMIT_LOC_STRINGS = YES;
				SWIFT_VERSION = 5.0;
				TARGETED_DEVICE_FAMILY = "1,2";
			};
			name = Debug;
		};
		8EA9AB5128219666005E0C2A /* Release */ = {
			isa = XCBuildConfiguration;
			baseConfigurationReference = D6DAF3DF2163D1BA599EE55B /* Pods-HoleyValley2.release.xcconfig */;
			buildSettings = {
				ASSETCATALOG_COMPILER_APPICON_NAME = AppIcon;
				ASSETCATALOG_COMPILER_GLOBAL_ACCENT_COLOR_NAME = AccentColor;
				CODE_SIGN_STYLE = Automatic;
				CURRENT_PROJECT_VERSION = 1;
				DEVELOPMENT_TEAM = 8HDA39CT36;
				GENERATE_INFOPLIST_FILE = YES;
				INFOPLIST_FILE = HoleyValley2/Info.plist;
				INFOPLIST_KEY_UIApplicationSupportsIndirectInputEvents = YES;
				INFOPLIST_KEY_UILaunchStoryboardName = LaunchScreen;
				INFOPLIST_KEY_UIMainStoryboardFile = Main;
				INFOPLIST_KEY_UISupportedInterfaceOrientations = "";
				INFOPLIST_KEY_UISupportedInterfaceOrientations_iPad = "UIInterfaceOrientationPortrait UIInterfaceOrientationPortraitUpsideDown UIInterfaceOrientationLandscapeLeft UIInterfaceOrientationLandscapeRight";
				INFOPLIST_KEY_UISupportedInterfaceOrientations_iPhone = "UIInterfaceOrientationPortrait UIInterfaceOrientationLandscapeLeft UIInterfaceOrientationLandscapeRight";
				LD_RUNPATH_SEARCH_PATHS = (
					"$(inherited)",
					"@executable_path/Frameworks",
				);
				MARKETING_VERSION = 1.0;
				PRODUCT_BUNDLE_IDENTIFIER = access.random.HoleyValley;
				PRODUCT_NAME = "$(TARGET_NAME)";
				SWIFT_EMIT_LOC_STRINGS = YES;
				SWIFT_VERSION = 5.0;
				TARGETED_DEVICE_FAMILY = "1,2";
			};
			name = Release;
		};
/* End XCBuildConfiguration section */

/* Begin XCConfigurationList section */
		8EA9AB3628219663005E0C2A /* Build configuration list for PBXProject "HoleyValley2" */ = {
			isa = XCConfigurationList;
			buildConfigurations = (
				8EA9AB4D28219666005E0C2A /* Debug */,
				8EA9AB4E28219666005E0C2A /* Release */,
			);
			defaultConfigurationIsVisible = 0;
			defaultConfigurationName = Release;
		};
		8EA9AB4F28219666005E0C2A /* Build configuration list for PBXNativeTarget "HoleyValley2" */ = {
			isa = XCConfigurationList;
			buildConfigurations = (
				8EA9AB5028219666005E0C2A /* Debug */,
				8EA9AB5128219666005E0C2A /* Release */,
			);
			defaultConfigurationIsVisible = 0;
			defaultConfigurationName = Release;
		};
/* End XCConfigurationList section */
	};
	rootObject = 8EA9AB3328219663005E0C2A /* Project object */;
}
